dependencies:
- name: argus-config
  repository: https://chanzuckerberg.github.io/argo-helm-charts
  version: 1.5.1
- name: argo-rollouts
  repository: file://../argo-rollouts
  version: 0.1.0
- name: stack-library
  repository: file://../stack-library
  version: 0.1.0
digest: sha256:fa0b537e2cd06931ab59608b727d7705e26f09e539ec11b40e3e4dd99f260fce
generated: "2025-10-16T15:17:17.40281-07:00"
