dependencies:
- name: argus-config
  repository: https://chanzuckerberg.github.io/argo-helm-charts
  version: 1.5.1
- name: argo-rollouts
  repository: file://../argo-rollouts
  version: 0.1.0
digest: sha256:af4acc34fd3062cb8cce7c586087c19eec8ae526aedc6e6c7feb0ab64249e723
generated: "2025-10-15T18:14:00.376753918Z"
